
Microsoft Visual Studio Solution File, Format Version 12.00
# Visual Studio Version 17
VisualStudioVersion = 17.9.34723.18
MinimumVisualStudioVersion = 10.0.40219.1
Project("{FAE04EC0-301F-11D3-BF4B-00C04F79EFBC}") = "BulkyWeb", "BulkyWeb\BulkyWeb.csproj", "{5E052168-2CC1-4CC5-8054-70705102FEAA}"
EndProject
Global
	GlobalSection(SolutionConfigurationPlatforms) = preSolution
		Debug|Any CPU = Debug|Any CPU
		Release|Any CPU = Release|Any CPU
	EndGlobalSection
	GlobalSection(ProjectConfigurationPlatforms) = postSolution
		{5E052168-2CC1-4CC5-8054-70705102FEAA}.Debug|Any CPU.ActiveCfg = Debug|Any CPU
		{5E052168-2CC1-4CC5-8054-70705102FEAA}.Debug|Any CPU.Build.0 = Debug|Any CPU
		{5E052168-2CC1-4CC5-8054-70705102FEAA}.Release|Any CPU.ActiveCfg = Release|Any CPU
		{5E052168-2CC1-4CC5-8054-70705102FEAA}.Release|Any CPU.Build.0 = Release|Any CPU
	EndGlobalSection
	GlobalSection(SolutionProperties) = preSolution
		HideSolutionNode = FALSE
	EndGlobalSection
	GlobalSection(ExtensibilityGlobals) = postSolution
		SolutionGuid = {536F30D2-1477-4BF1-9F32-2F2B9B9A6C07}
	EndGlobalSection
EndGlobal
